// !$*UTF8*$!
{
	archiveVersion = 1;
	classes = {
	};
	objectVersion = 46;
	objects = {

/* Begin PBXBuildFile section */
		735913221E3731D600575AA0 /* main.m in Sources */ = {isa = PBXBuildFile; fileRef = 735913211E3731D600575AA0 /* main.m */; };
		735913251E3731D600575AA0 /* AppDelegate.m in Sources */ = {isa = PBXBuildFile; fileRef = 735913241E3731D600575AA0 /* AppDelegate.m */; };
		735913281E3731D600575AA0 /* ViewController.m in Sources */ = {isa = PBXBuildFile; fileRef = 735913271E3731D600575AA0 /* ViewController.m */; };
		7359132B1E3731D600575AA0 /* Main.storyboard in Resources */ = {isa = PBXBuildFile; fileRef = 735913291E3731D600575AA0 /* Main.storyboard */; };
		7359132D1E3731D600575AA0 /* Assets.xcassets in Resources */ = {isa = PBXBuildFile; fileRef = 7359132C1E3731D600575AA0 /* Assets.xcassets */; };
		735913301E3731D600575AA0 /* LaunchScreen.storyboard in Resources */ = {isa = PBXBuildFile; fileRef = 7359132E1E3731D600575AA0 /* LaunchScreen.storyboard */; };
/* End PBXBuildFile section */

/* Begin PBXFileReference section */
		7359131D1E3731D600575AA0 /* scrollColor.app */ = {isa = PBXFileReference; explicitFileType = wrapper.application; includeInIndex = 0; path = scrollColor.app; sourceTree = BUILT_PRODUCTS_DIR; };
		735913211E3731D600575AA0 /* main.m */ = {isa = PBXFileReference; lastKnownFileType = sourcecode.c.objc; path = main.m; sourceTree = "<group>"; };
		735913231E3731D600575AA0 /* AppDelegate.h */ = {isa = PBXFileReference; lastKnownFileType = sourcecode.c.h; path = AppDelegate.h; sourceTree = "<group>"; };
		735913241E3731D600575AA0 /* AppDelegate.m */ = {isa = PBXFileReference; lastKnownFileType = sourcecode.c.objc; path = AppDelegate.m; sourceTree = "<group>"; };
		735913261E3731D600575AA0 /* ViewController.h */ = {isa = PBXFileReference; lastKnownFileType = sourcecode.c.h; path = ViewController.h; sourceTree = "<group>"; };
		735913271E3731D600575AA0 /* ViewController.m */ = {isa = PBXFileReference; lastKnownFileType = sourcecode.c.objc; path = ViewController.m; sourceTree = "<group>"; };
		7359132A1E3731D600575AA0 /* Base */ = {isa = PBXFileReference; lastKnownFileType = file.storyboard; name = Base; path = Base.lproj/Main.storyboard; sourceTree = "<group>"; };
		7359132C1E3731D600575AA0 /* Assets.xcassets */ = {isa = PBXFileReference; lastKnownFileType = folder.assetcatalog; path = Assets.xcassets; sourceTree = "<group>"; };
		7359132F1E3731D600575AA0 /* Base */ = {isa = PBXFileReference; lastKnownFileType = file.storyboard; name = Base; path = Base.lproj/LaunchScreen.storyboard; sourceTree = "<group>"; };
		735913311E3731D600575AA0 /* Info.plist */ = {isa = PBXFileReference; lastKnownFileType = text.plist.xml; path = Info.plist; sourceTree = "<group>"; };
/* End PBXFileReference section */

/* Begin PBXFrameworksBuildPhase section */
		7359131A1E3731D600575AA0 /* Frameworks */ = {
			isa = PBXFrameworksBuildPhase;
			buildActionMask = 2147483647;
			files = (
			);
			runOnlyForDeploymentPostprocessing = 0;
		};
/* End PBXFrameworksBuildPhase section */

/* Begin PBXGroup section */
		735913141E3731D600575AA0 = {
			isa = PBXGroup;
			children = (
				7359131F1E3731D600575AA0 /* scrollColor */,
				7359131E1E3731D600575AA0 /* Products */,
			);
			sourceTree = "<group>";
		};
		7359131E1E3731D600575AA0 /* Products */ = {
			isa = PBXGroup;
			children = (
				7359131D1E3731D600575AA0 /* scrollColor.app */,
			);
			name = Products;
			sourceTree = "<group>";
		};
		7359131F1E3731D600575AA0 /* scrollColor */ = {
			isa = PBXGroup;
			children = (
				735913231E3731D600575AA0 /* AppDelegate.h */,
				735913241E3731D600575AA0 /* AppDelegate.m */,
				735913261E3731D600575AA0 /* ViewController.h */,
				735913271E3731D600575AA0 /* ViewController.m */,
				735913291E3731D600575AA0 /* Main.storyboard */,
				7359132C1E3731D600575AA0 /* Assets.xcassets */,
				7359132E1E3731D600575AA0 /* LaunchScreen.storyboard */,
				735913311E3731D600575AA0 /* Info.plist */,
				735913201E3731D600575AA0 /* Supporting Files */,
			);
			path = scrollColor;
			sourceTree = "<group>";
		};
		735913201E3731D600575AA0 /* Supporting Files */ = {
			isa = PBXGroup;
			children = (
				735913211E3731D600575AA0 /* main.m */,
			);
			name = "Supporting Files";
			sourceTree = "<group>";
		};
/* End PBXGroup section */

/* Begin PBXNativeTarget section */
		7359131C1E3731D600575AA0 /* scrollColor */ = {
			isa = PBXNativeTarget;
			buildConfigurationList = 735913341E3731D600575AA0 /* Build configuration list for PBXNativeTarget "scrollColor" */;
			buildPhases = (
				735913191E3731D600575AA0 /* Sources */,
				7359131A1E3731D600575AA0 /* Frameworks */,
				7359131B1E3731D600575AA0 /* Resources */,
			);
			buildRules = (
			);
			dependencies = (
			);
			name = scrollColor;
			productName = scrollColor;
			productReference = 7359131D1E3731D600575AA0 /* scrollColor.app */;
			productType = "com.apple.product-type.application";
		};
/* End PBXNativeTarget section */

/* Begin PBXProject section */
		735913151E3731D600575AA0 /* Project object */ = {
			isa = PBXProject;
			attributes = {
				LastUpgradeCheck = 0820;
				ORGANIZATIONNAME = jakouk;
				TargetAttributes = {
					7359131C1E3731D600575AA0 = {
						CreatedOnToolsVersion = 8.2.1;
						ProvisioningStyle = Automatic;
					};
				};
			};
			buildConfigurationList = 735913181E3731D600575AA0 /* Build configuration list for PBXProject "scrollColor" */;
			compatibilityVersion = "Xcode 3.2";
			developmentRegion = English;
			hasScannedForEncodings = 0;
			knownRegions = (
				en,
				Base,
			);
			mainGroup = 735913141E3731D600575AA0;
			productRefGroup = 7359131E1E3731D600575AA0 /* Products */;
			projectDirPath = "";
			projectRoot = "";
			targets = (
				7359131C1E3731D600575AA0 /* scrollColor */,
			);
		};
/* End PBXProject section */

/* Begin PBXResourcesBuildPhase section */
		7359131B1E3731D600575AA0 /* Resources */ = {
			isa = PBXResourcesBuildPhase;
			buildActionMask = 2147483647;
			files = (
				735913301E3731D600575AA0 /* LaunchScreen.storyboard in Resources */,
				7359132D1E3731D600575AA0 /* Assets.xcassets in Resources */,
				7359132B1E3731D600575AA0 /* Main.storyboard in Resources */,
			);
			runOnlyForDeploymentPostprocessing = 0;
		};
/* End PBXResourcesBuildPhase section */

/* Begin PBXSourcesBuildPhase section */
		735913191E3731D600575AA0 /* Sources */ = {
			isa = PBXSourcesBuildPhase;
			buildActionMask = 2147483647;
			files = (
				735913281E3731D600575AA0 /* ViewController.m in Sources */,
				735913251E3731D600575AA0 /* AppDelegate.m in Sources */,
				735913221E3731D600575AA0 /* main.m in Sources */,
			);
			runOnlyForDeploymentPostprocessing = 0;
		};
/* End PBXSourcesBuildPhase section */

/* Begin PBXVariantGroup section */
		735913291E3731D600575AA0 /* Main.storyboard */ = {
			isa = PBXVariantGroup;
			children = (
				7359132A1E3731D600575AA0 /* Base */,
			);
			name = Main.storyboard;
			sourceTree = "<group>";
		};
		7359132E1E3731D600575AA0 /* LaunchScreen.storyboard */ = {
			isa = PBXVariantGroup;
			children = (
				7359132F1E3731D600575AA0 /* Base */,
			);
			name = LaunchScreen.storyboard;
			sourceTree = "<group>";
		};
/* End PBXVariantGroup section */

/* Begin XCBuildConfiguration section */
		735913321E3731D600575AA0 /* Debug */ = {
			isa = XCBuildConfiguration;
			buildSettings = {
				ALWAYS_SEARCH_USER_PATHS = NO;
				CLANG_ANALYZER_NONNULL = YES;
				CLANG_CXX_LANGUAGE_STANDARD = "gnu++0x";
				CLANG_CXX_LIBRARY = "libc++";
				CLANG_ENABLE_MODULES = YES;
				CLANG_ENABLE_OBJC_ARC = YES;
				CLANG_WARN_BOOL_CONVERSION = YES;
				CLANG_WARN_CONSTANT_CONVERSION = YES;
				CLANG_WARN_DIRECT_OBJC_ISA_USAGE = YES_ERROR;
				CLANG_WARN_DOCUMENTATION_COMMENTS = YES;
				CLANG_WARN_EMPTY_BODY = YES;
				CLANG_WARN_ENUM_CONVERSION = YES;
				CLANG_WARN_INFINITE_RECURSION = YES;
				CLANG_WARN_INT_CONVERSION = YES;
				CLANG_WARN_OBJC_ROOT_CLASS = YES_ERROR;
				CLANG_WARN_SUSPICIOUS_MOVE = YES;
				CLANG_WARN_UNREACHABLE_CODE = YES;
				CLANG_WARN__DUPLICATE_METHOD_MATCH = YES;
				"CODE_SIGN_IDENTITY[sdk=iphoneos*]" = "iPhone Developer";
				COPY_PHASE_STRIP = NO;
				DEBUG_INFORMATION_FORMAT = dwarf;
				ENABLE_STRICT_OBJC_MSGSEND = YES;
				ENABLE_TESTABILITY = YES;
				GCC_C_LANGUAGE_STANDARD = gnu99;
				GCC_DYNAMIC_NO_PIC = NO;
				GCC_NO_COMMON_BLOCKS = YES;
				GCC_OPTIMIZATION_LEVEL = 0;
				GCC_PREPROCESSOR_DEFINITIONS = (
					"DEBUG=1",
					"$(inherited)",
				);
				GCC_WARN_64_TO_32_BIT_CONVERSION = YES;
				GCC_WARN_ABOUT_RETURN_TYPE = YES_ERROR;
				GCC_WARN_UNDECLARED_SELECTOR = YES;
				GCC_WARN_UNINITIALIZED_AUTOS = YES_AGGRESSIVE;
				GCC_WARN_UNUSED_FUNCTION = YES;
				GCC_WARN_UNUSED_VARIABLE = YES;
				IPHONEOS_DEPLOYMENT_TARGET = 10.2;
				MTL_ENABLE_DEBUG_INFO = YES;
				ONLY_ACTIVE_ARCH = YES;
				SDKROOT = iphoneos;
			};
			name = Debug;
		};
		735913331E3731D600575AA0 /* Release */ = {
			isa = XCBuildConfiguration;
			buildSettings = {
				ALWAYS_SEARCH_USER_PATHS = NO;
				CLANG_ANALYZER_NONNULL = YES;
				CLANG_CXX_LANGUAGE_STANDARD = "gnu++0x";
				CLANG_CXX_LIBRARY = "libc++";
				CLANG_ENABLE_MODULES = YES;
				CLANG_ENABLE_OBJC_ARC = YES;
				CLANG_WARN_BOOL_CONVERSION = YES;
				CLANG_WARN_CONSTANT_CONVERSION = YES;
				CLANG_WARN_DIRECT_OBJC_ISA_USAGE = YES_ERROR;
				CLANG_WARN_DOCUMENTATION_COMMENTS = YES;
				CLANG_WARN_EMPTY_BODY = YES;
				CLANG_WARN_ENUM_CONVERSION = YES;
				CLANG_WARN_INFINITE_RECURSION = YES;
				CLANG_WARN_INT_CONVERSION = YES;
				CLANG_WARN_OBJC_ROOT_CLASS = YES_ERROR;
				CLANG_WARN_SUSPICIOUS_MOVE = YES;
				CLANG_WARN_UNREACHABLE_CODE = YES;
				CLANG_WARN__DUPLICATE_METHOD_MATCH = YES;
				"CODE_SIGN_IDENTITY[sdk=iphoneos*]" = "iPhone Developer";
				COPY_PHASE_STRIP = NO;
				DEBUG_INFORMATION_FORMAT = "dwarf-with-dsym";
				ENABLE_NS_ASSERTIONS = NO;
				ENABLE_STRICT_OBJC_MSGSEND = YES;
				GCC_C_LANGUAGE_STANDARD = gnu99;
				GCC_NO_COMMON_BLOCKS = YES;
				GCC_WARN_64_TO_32_BIT_CONVERSION = YES;
				GCC_WARN_ABOUT_RETURN_TYPE = YES_ERROR;
				GCC_WARN_UNDECLARED_SELECTOR = YES;
				GCC_WARN_UNINITIALIZED_AUTOS = YES_AGGRESSIVE;
				GCC_WARN_UNUSED_FUNCTION = YES;
				GCC_WARN_UNUSED_VARIABLE = YES;
				IPHONEOS_DEPLOYMENT_TARGET = 10.2;
				MTL_ENABLE_DEBUG_INFO = NO;
				SDKROOT = iphoneos;
				VALIDATE_PRODUCT = YES;
			};
			name = Release;
		};
		735913351E3731D600575AA0 /* Debug */ = {
			isa = XCBuildConfiguration;
			buildSettings = {
				ASSETCATALOG_COMPILER_APPICON_NAME = AppIcon;
				INFOPLIST_FILE = scrollColor/Info.plist;
				LD_RUNPATH_SEARCH_PATHS = "$(inherited) @executable_path/Frameworks";
				PRODUCT_BUNDLE_IDENTIFIER = com.test.scrollColor;
				PRODUCT_NAME = "$(TARGET_NAME)";
			};
			name = Debug;
		};
		735913361E3731D600575AA0 /* Release */ = {
			isa = XCBuildConfiguration;
			buildSettings = {
				ASSETCATALOG_COMPILER_APPICON_NAME = AppIcon;
				INFOPLIST_FILE = scrollColor/Info.plist;
				LD_RUNPATH_SEARCH_PATHS = "$(inherited) @executable_path/Frameworks";
				PRODUCT_BUNDLE_IDENTIFIER = com.test.scrollColor;
				PRODUCT_NAME = "$(TARGET_NAME)";
			};
			name = Release;
		};
/* End XCBuildConfiguration section */

/* Begin XCConfigurationList section */
		735913181E3731D600575AA0 /* Build configuration list for PBXProject "scrollColor" */ = {
			isa = XCConfigurationList;
			buildConfigurations = (
				735913321E3731D600575AA0 /* Debug */,
				735913331E3731D600575AA0 /* Release */,
			);
			defaultConfigurationIsVisible = 0;
			defaultConfigurationName = Release;
		};
		735913341E3731D600575AA0 /* Build configuration list for PBXNativeTarget "scrollColor" */ = {
			isa = XCConfigurationList;
			buildConfigurations = (
				735913351E3731D600575AA0 /* Debug */,
				735913361E3731D600575AA0 /* Release */,
			);
			defaultConfigurationIsVisible = 0;
		};
/* End XCConfigurationList section */
	};
	rootObject = 735913151E3731D600575AA0 /* Project object */;
}
