// !$*UTF8*$!
{
	archiveVersion = 1;
	classes = {
	};
	objectVersion = 46;
	objects = {

/* Begin PBXBuildFile section */
		735385351E38B09400B1F00A /* main.m in Sources */ = {isa = PBXBuildFile; fileRef = 735385341E38B09400B1F00A /* main.m */; };
		735385381E38B09400B1F00A /* AppDelegate.m in Sources */ = {isa = PBXBuildFile; fileRef = 735385371E38B09400B1F00A /* AppDelegate.m */; };
		7353853B1E38B09400B1F00A /* ViewController.m in Sources */ = {isa = PBXBuildFile; fileRef = 7353853A1E38B09400B1F00A /* ViewController.m */; };
		7353853E1E38B09400B1F00A /* Main.storyboard in Resources */ = {isa = PBXBuildFile; fileRef = 7353853C1E38B09400B1F00A /* Main.storyboard */; };
		735385401E38B09400B1F00A /* Assets.xcassets in Resources */ = {isa = PBXBuildFile; fileRef = 7353853F1E38B09400B1F00A /* Assets.xcassets */; };
		735385431E38B09400B1F00A /* LaunchScreen.storyboard in Resources */ = {isa = PBXBuildFile; fileRef = 735385411E38B09400B1F00A /* LaunchScreen.storyboard */; };
		7353854C1E38B10400B1F00A /* itemView.m in Sources */ = {isa = PBXBuildFile; fileRef = 7353854B1E38B10400B1F00A /* itemView.m */; };
/* End PBXBuildFile section */

/* Begin PBXFileReference section */
		735385301E38B09400B1F00A /* delegatePractice.app */ = {isa = PBXFileReference; explicitFileType = wrapper.application; includeInIndex = 0; path = delegatePractice.app; sourceTree = BUILT_PRODUCTS_DIR; };
		735385341E38B09400B1F00A /* main.m */ = {isa = PBXFileReference; lastKnownFileType = sourcecode.c.objc; path = main.m; sourceTree = "<group>"; };
		735385361E38B09400B1F00A /* AppDelegate.h */ = {isa = PBXFileReference; lastKnownFileType = sourcecode.c.h; path = AppDelegate.h; sourceTree = "<group>"; };
		735385371E38B09400B1F00A /* AppDelegate.m */ = {isa = PBXFileReference; lastKnownFileType = sourcecode.c.objc; path = AppDelegate.m; sourceTree = "<group>"; };
		735385391E38B09400B1F00A /* ViewController.h */ = {isa = PBXFileReference; lastKnownFileType = sourcecode.c.h; path = ViewController.h; sourceTree = "<group>"; };
		7353853A1E38B09400B1F00A /* ViewController.m */ = {isa = PBXFileReference; lastKnownFileType = sourcecode.c.objc; path = ViewController.m; sourceTree = "<group>"; };
		7353853D1E38B09400B1F00A /* Base */ = {isa = PBXFileReference; lastKnownFileType = file.storyboard; name = Base; path = Base.lproj/Main.storyboard; sourceTree = "<group>"; };
		7353853F1E38B09400B1F00A /* Assets.xcassets */ = {isa = PBXFileReference; lastKnownFileType = folder.assetcatalog; path = Assets.xcassets; sourceTree = "<group>"; };
		735385421E38B09400B1F00A /* Base */ = {isa = PBXFileReference; lastKnownFileType = file.storyboard; name = Base; path = Base.lproj/LaunchScreen.storyboard; sourceTree = "<group>"; };
		735385441E38B09400B1F00A /* Info.plist */ = {isa = PBXFileReference; lastKnownFileType = text.plist.xml; path = Info.plist; sourceTree = "<group>"; };
		7353854A1E38B10400B1F00A /* itemView.h */ = {isa = PBXFileReference; fileEncoding = 4; lastKnownFileType = sourcecode.c.h; path = itemView.h; sourceTree = "<group>"; };
		7353854B1E38B10400B1F00A /* itemView.m */ = {isa = PBXFileReference; fileEncoding = 4; lastKnownFileType = sourcecode.c.objc; path = itemView.m; sourceTree = "<group>"; };
/* End PBXFileReference section */

/* Begin PBXFrameworksBuildPhase section */
		7353852D1E38B09400B1F00A /* Frameworks */ = {
			isa = PBXFrameworksBuildPhase;
			buildActionMask = 2147483647;
			files = (
			);
			runOnlyForDeploymentPostprocessing = 0;
		};
/* End PBXFrameworksBuildPhase section */

/* Begin PBXGroup section */
		735385271E38B09400B1F00A = {
			isa = PBXGroup;
			children = (
				735385321E38B09400B1F00A /* delegatePractice */,
				735385311E38B09400B1F00A /* Products */,
			);
			sourceTree = "<group>";
		};
		735385311E38B09400B1F00A /* Products */ = {
			isa = PBXGroup;
			children = (
				735385301E38B09400B1F00A /* delegatePractice.app */,
			);
			name = Products;
			sourceTree = "<group>";
		};
		735385321E38B09400B1F00A /* delegatePractice */ = {
			isa = PBXGroup;
			children = (
				735385361E38B09400B1F00A /* AppDelegate.h */,
				735385371E38B09400B1F00A /* AppDelegate.m */,
				7353854A1E38B10400B1F00A /* itemView.h */,
				7353854B1E38B10400B1F00A /* itemView.m */,
				735385391E38B09400B1F00A /* ViewController.h */,
				7353853A1E38B09400B1F00A /* ViewController.m */,
				7353853C1E38B09400B1F00A /* Main.storyboard */,
				7353853F1E38B09400B1F00A /* Assets.xcassets */,
				735385411E38B09400B1F00A /* LaunchScreen.storyboard */,
				735385441E38B09400B1F00A /* Info.plist */,
				735385331E38B09400B1F00A /* Supporting Files */,
			);
			path = delegatePractice;
			sourceTree = "<group>";
		};
		735385331E38B09400B1F00A /* Supporting Files */ = {
			isa = PBXGroup;
			children = (
				735385341E38B09400B1F00A /* main.m */,
			);
			name = "Supporting Files";
			sourceTree = "<group>";
		};
/* End PBXGroup section */

/* Begin PBXNativeTarget section */
		7353852F1E38B09400B1F00A /* delegatePractice */ = {
			isa = PBXNativeTarget;
			buildConfigurationList = 735385471E38B09400B1F00A /* Build configuration list for PBXNativeTarget "delegatePractice" */;
			buildPhases = (
				7353852C1E38B09400B1F00A /* Sources */,
				7353852D1E38B09400B1F00A /* Frameworks */,
				7353852E1E38B09400B1F00A /* Resources */,
			);
			buildRules = (
			);
			dependencies = (
			);
			name = delegatePractice;
			productName = delegatePractice;
			productReference = 735385301E38B09400B1F00A /* delegatePractice.app */;
			productType = "com.apple.product-type.application";
		};
/* End PBXNativeTarget section */

/* Begin PBXProject section */
		735385281E38B09400B1F00A /* Project object */ = {
			isa = PBXProject;
			attributes = {
				LastUpgradeCheck = 0820;
				ORGANIZATIONNAME = jakouk;
				TargetAttributes = {
					7353852F1E38B09400B1F00A = {
						CreatedOnToolsVersion = 8.2.1;
						ProvisioningStyle = Automatic;
					};
				};
			};
			buildConfigurationList = 7353852B1E38B09400B1F00A /* Build configuration list for PBXProject "delegatePractice" */;
			compatibilityVersion = "Xcode 3.2";
			developmentRegion = English;
			hasScannedForEncodings = 0;
			knownRegions = (
				en,
				Base,
			);
			mainGroup = 735385271E38B09400B1F00A;
			productRefGroup = 735385311E38B09400B1F00A /* Products */;
			projectDirPath = "";
			projectRoot = "";
			targets = (
				7353852F1E38B09400B1F00A /* delegatePractice */,
			);
		};
/* End PBXProject section */

/* Begin PBXResourcesBuildPhase section */
		7353852E1E38B09400B1F00A /* Resources */ = {
			isa = PBXResourcesBuildPhase;
			buildActionMask = 2147483647;
			files = (
				735385431E38B09400B1F00A /* LaunchScreen.storyboard in Resources */,
				735385401E38B09400B1F00A /* Assets.xcassets in Resources */,
				7353853E1E38B09400B1F00A /* Main.storyboard in Resources */,
			);
			runOnlyForDeploymentPostprocessing = 0;
		};
/* End PBXResourcesBuildPhase section */

/* Begin PBXSourcesBuildPhase section */
		7353852C1E38B09400B1F00A /* Sources */ = {
			isa = PBXSourcesBuildPhase;
			buildActionMask = 2147483647;
			files = (
				7353853B1E38B09400B1F00A /* ViewController.m in Sources */,
				735385381E38B09400B1F00A /* AppDelegate.m in Sources */,
				735385351E38B09400B1F00A /* main.m in Sources */,
				7353854C1E38B10400B1F00A /* itemView.m in Sources */,
			);
			runOnlyForDeploymentPostprocessing = 0;
		};
/* End PBXSourcesBuildPhase section */

/* Begin PBXVariantGroup section */
		7353853C1E38B09400B1F00A /* Main.storyboard */ = {
			isa = PBXVariantGroup;
			children = (
				7353853D1E38B09400B1F00A /* Base */,
			);
			name = Main.storyboard;
			sourceTree = "<group>";
		};
		735385411E38B09400B1F00A /* LaunchScreen.storyboard */ = {
			isa = PBXVariantGroup;
			children = (
				735385421E38B09400B1F00A /* Base */,
			);
			name = LaunchScreen.storyboard;
			sourceTree = "<group>";
		};
/* End PBXVariantGroup section */

/* Begin XCBuildConfiguration section */
		735385451E38B09400B1F00A /* Debug */ = {
			isa = XCBuildConfiguration;
			buildSettings = {
				ALWAYS_SEARCH_USER_PATHS = NO;
				CLANG_ANALYZER_NONNULL = YES;
				CLANG_CXX_LANGUAGE_STANDARD = "gnu++0x";
				CLANG_CXX_LIBRARY = "libc++";
				CLANG_ENABLE_MODULES = YES;
				CLANG_ENABLE_OBJC_ARC = YES;
				CLANG_WARN_BOOL_CONVERSION = YES;
				CLANG_WARN_CONSTANT_CONVERSION = YES;
				CLANG_WARN_DIRECT_OBJC_ISA_USAGE = YES_ERROR;
				CLANG_WARN_DOCUMENTATION_COMMENTS = YES;
				CLANG_WARN_EMPTY_BODY = YES;
				CLANG_WARN_ENUM_CONVERSION = YES;
				CLANG_WARN_INFINITE_RECURSION = YES;
				CLANG_WARN_INT_CONVERSION = YES;
				CLANG_WARN_OBJC_ROOT_CLASS = YES_ERROR;
				CLANG_WARN_SUSPICIOUS_MOVE = YES;
				CLANG_WARN_UNREACHABLE_CODE = YES;
				CLANG_WARN__DUPLICATE_METHOD_MATCH = YES;
				"CODE_SIGN_IDENTITY[sdk=iphoneos*]" = "iPhone Developer";
				COPY_PHASE_STRIP = NO;
				DEBUG_INFORMATION_FORMAT = dwarf;
				ENABLE_STRICT_OBJC_MSGSEND = YES;
				ENABLE_TESTABILITY = YES;
				GCC_C_LANGUAGE_STANDARD = gnu99;
				GCC_DYNAMIC_NO_PIC = NO;
				GCC_NO_COMMON_BLOCKS = YES;
				GCC_OPTIMIZATION_LEVEL = 0;
				GCC_PREPROCESSOR_DEFINITIONS = (
					"DEBUG=1",
					"$(inherited)",
				);
				GCC_WARN_64_TO_32_BIT_CONVERSION = YES;
				GCC_WARN_ABOUT_RETURN_TYPE = YES_ERROR;
				GCC_WARN_UNDECLARED_SELECTOR = YES;
				GCC_WARN_UNINITIALIZED_AUTOS = YES_AGGRESSIVE;
				GCC_WARN_UNUSED_FUNCTION = YES;
				GCC_WARN_UNUSED_VARIABLE = YES;
				IPHONEOS_DEPLOYMENT_TARGET = 10.2;
				MTL_ENABLE_DEBUG_INFO = YES;
				ONLY_ACTIVE_ARCH = YES;
				SDKROOT = iphoneos;
			};
			name = Debug;
		};
		735385461E38B09400B1F00A /* Release */ = {
			isa = XCBuildConfiguration;
			buildSettings = {
				ALWAYS_SEARCH_USER_PATHS = NO;
				CLANG_ANALYZER_NONNULL = YES;
				CLANG_CXX_LANGUAGE_STANDARD = "gnu++0x";
				CLANG_CXX_LIBRARY = "libc++";
				CLANG_ENABLE_MODULES = YES;
				CLANG_ENABLE_OBJC_ARC = YES;
				CLANG_WARN_BOOL_CONVERSION = YES;
				CLANG_WARN_CONSTANT_CONVERSION = YES;
				CLANG_WARN_DIRECT_OBJC_ISA_USAGE = YES_ERROR;
				CLANG_WARN_DOCUMENTATION_COMMENTS = YES;
				CLANG_WARN_EMPTY_BODY = YES;
				CLANG_WARN_ENUM_CONVERSION = YES;
				CLANG_WARN_INFINITE_RECURSION = YES;
				CLANG_WARN_INT_CONVERSION = YES;
				CLANG_WARN_OBJC_ROOT_CLASS = YES_ERROR;
				CLANG_WARN_SUSPICIOUS_MOVE = YES;
				CLANG_WARN_UNREACHABLE_CODE = YES;
				CLANG_WARN__DUPLICATE_METHOD_MATCH = YES;
				"CODE_SIGN_IDENTITY[sdk=iphoneos*]" = "iPhone Developer";
				COPY_PHASE_STRIP = NO;
				DEBUG_INFORMATION_FORMAT = "dwarf-with-dsym";
				ENABLE_NS_ASSERTIONS = NO;
				ENABLE_STRICT_OBJC_MSGSEND = YES;
				GCC_C_LANGUAGE_STANDARD = gnu99;
				GCC_NO_COMMON_BLOCKS = YES;
				GCC_WARN_64_TO_32_BIT_CONVERSION = YES;
				GCC_WARN_ABOUT_RETURN_TYPE = YES_ERROR;
				GCC_WARN_UNDECLARED_SELECTOR = YES;
				GCC_WARN_UNINITIALIZED_AUTOS = YES_AGGRESSIVE;
				GCC_WARN_UNUSED_FUNCTION = YES;
				GCC_WARN_UNUSED_VARIABLE = YES;
				IPHONEOS_DEPLOYMENT_TARGET = 10.2;
				MTL_ENABLE_DEBUG_INFO = NO;
				SDKROOT = iphoneos;
				VALIDATE_PRODUCT = YES;
			};
			name = Release;
		};
		735385481E38B09400B1F00A /* Debug */ = {
			isa = XCBuildConfiguration;
			buildSettings = {
				ASSETCATALOG_COMPILER_APPICON_NAME = AppIcon;
				INFOPLIST_FILE = delegatePractice/Info.plist;
				LD_RUNPATH_SEARCH_PATHS = "$(inherited) @executable_path/Frameworks";
				PRODUCT_BUNDLE_IDENTIFIER = com.test.delegatePractice;
				PRODUCT_NAME = "$(TARGET_NAME)";
			};
			name = Debug;
		};
		735385491E38B09400B1F00A /* Release */ = {
			isa = XCBuildConfiguration;
			buildSettings = {
				ASSETCATALOG_COMPILER_APPICON_NAME = AppIcon;
				INFOPLIST_FILE = delegatePractice/Info.plist;
				LD_RUNPATH_SEARCH_PATHS = "$(inherited) @executable_path/Frameworks";
				PRODUCT_BUNDLE_IDENTIFIER = com.test.delegatePractice;
				PRODUCT_NAME = "$(TARGET_NAME)";
			};
			name = Release;
		};
/* End XCBuildConfiguration section */

/* Begin XCConfigurationList section */
		7353852B1E38B09400B1F00A /* Build configuration list for PBXProject "delegatePractice" */ = {
			isa = XCConfigurationList;
			buildConfigurations = (
				735385451E38B09400B1F00A /* Debug */,
				735385461E38B09400B1F00A /* Release */,
			);
			defaultConfigurationIsVisible = 0;
			defaultConfigurationName = Release;
		};
		735385471E38B09400B1F00A /* Build configuration list for PBXNativeTarget "delegatePractice" */ = {
			isa = XCConfigurationList;
			buildConfigurations = (
				735385481E38B09400B1F00A /* Debug */,
				735385491E38B09400B1F00A /* Release */,
			);
			defaultConfigurationIsVisible = 0;
		};
/* End XCConfigurationList section */
	};
	rootObject = 735385281E38B09400B1F00A /* Project object */;
}
