// !$*UTF8*$!
{
	archiveVersion = 1;
	classes = {
	};
	objectVersion = 46;
	objects = {

/* Begin PBXBuildFile section */
		7350729E1E1B8A5D0095A30A /* main.m in Sources */ = {isa = PBXBuildFile; fileRef = 7350729D1E1B8A5D0095A30A /* main.m */; };
		735072A61E1B8A820095A30A /* RepeatCharacter.m in Sources */ = {isa = PBXBuildFile; fileRef = 735072A51E1B8A820095A30A /* RepeatCharacter.m */; };
/* End PBXBuildFile section */

/* Begin PBXCopyFilesBuildPhase section */
		735072981E1B8A5D0095A30A /* CopyFiles */ = {
			isa = PBXCopyFilesBuildPhase;
			buildActionMask = 2147483647;
			dstPath = /usr/share/man/man1/;
			dstSubfolderSpec = 0;
			files = (
			);
			runOnlyForDeploymentPostprocessing = 1;
		};
/* End PBXCopyFilesBuildPhase section */

/* Begin PBXFileReference section */
		7350729A1E1B8A5D0095A30A /* repeatCharacter */ = {isa = PBXFileReference; explicitFileType = "compiled.mach-o.executable"; includeInIndex = 0; path = repeatCharacter; sourceTree = BUILT_PRODUCTS_DIR; };
		7350729D1E1B8A5D0095A30A /* main.m */ = {isa = PBXFileReference; lastKnownFileType = sourcecode.c.objc; path = main.m; sourceTree = "<group>"; };
		735072A41E1B8A820095A30A /* RepeatCharacter.h */ = {isa = PBXFileReference; fileEncoding = 4; lastKnownFileType = sourcecode.c.h; path = RepeatCharacter.h; sourceTree = "<group>"; };
		735072A51E1B8A820095A30A /* RepeatCharacter.m */ = {isa = PBXFileReference; fileEncoding = 4; lastKnownFileType = sourcecode.c.objc; path = RepeatCharacter.m; sourceTree = "<group>"; };
/* End PBXFileReference section */

/* Begin PBXFrameworksBuildPhase section */
		735072971E1B8A5D0095A30A /* Frameworks */ = {
			isa = PBXFrameworksBuildPhase;
			buildActionMask = 2147483647;
			files = (
			);
			runOnlyForDeploymentPostprocessing = 0;
		};
/* End PBXFrameworksBuildPhase section */

/* Begin PBXGroup section */
		735072911E1B8A5D0095A30A = {
			isa = PBXGroup;
			children = (
				7350729C1E1B8A5D0095A30A /* repeatCharacter */,
				7350729B1E1B8A5D0095A30A /* Products */,
			);
			sourceTree = "<group>";
		};
		7350729B1E1B8A5D0095A30A /* Products */ = {
			isa = PBXGroup;
			children = (
				7350729A1E1B8A5D0095A30A /* repeatCharacter */,
			);
			name = Products;
			sourceTree = "<group>";
		};
		7350729C1E1B8A5D0095A30A /* repeatCharacter */ = {
			isa = PBXGroup;
			children = (
				7350729D1E1B8A5D0095A30A /* main.m */,
				735072A41E1B8A820095A30A /* RepeatCharacter.h */,
				735072A51E1B8A820095A30A /* RepeatCharacter.m */,
			);
			path = repeatCharacter;
			sourceTree = "<group>";
		};
/* End PBXGroup section */

/* Begin PBXNativeTarget section */
		735072991E1B8A5D0095A30A /* repeatCharacter */ = {
			isa = PBXNativeTarget;
			buildConfigurationList = 735072A11E1B8A5D0095A30A /* Build configuration list for PBXNativeTarget "repeatCharacter" */;
			buildPhases = (
				735072961E1B8A5D0095A30A /* Sources */,
				735072971E1B8A5D0095A30A /* Frameworks */,
				735072981E1B8A5D0095A30A /* CopyFiles */,
			);
			buildRules = (
			);
			dependencies = (
			);
			name = repeatCharacter;
			productName = repeatCharacter;
			productReference = 7350729A1E1B8A5D0095A30A /* repeatCharacter */;
			productType = "com.apple.product-type.tool";
		};
/* End PBXNativeTarget section */

/* Begin PBXProject section */
		735072921E1B8A5D0095A30A /* Project object */ = {
			isa = PBXProject;
			attributes = {
				LastUpgradeCheck = 0820;
				ORGANIZATIONNAME = jakouk;
				TargetAttributes = {
					735072991E1B8A5D0095A30A = {
						CreatedOnToolsVersion = 8.2.1;
						ProvisioningStyle = Automatic;
					};
				};
			};
			buildConfigurationList = 735072951E1B8A5D0095A30A /* Build configuration list for PBXProject "repeatCharacter" */;
			compatibilityVersion = "Xcode 3.2";
			developmentRegion = English;
			hasScannedForEncodings = 0;
			knownRegions = (
				en,
			);
			mainGroup = 735072911E1B8A5D0095A30A;
			productRefGroup = 7350729B1E1B8A5D0095A30A /* Products */;
			projectDirPath = "";
			projectRoot = "";
			targets = (
				735072991E1B8A5D0095A30A /* repeatCharacter */,
			);
		};
/* End PBXProject section */

/* Begin PBXSourcesBuildPhase section */
		735072961E1B8A5D0095A30A /* Sources */ = {
			isa = PBXSourcesBuildPhase;
			buildActionMask = 2147483647;
			files = (
				735072A61E1B8A820095A30A /* RepeatCharacter.m in Sources */,
				7350729E1E1B8A5D0095A30A /* main.m in Sources */,
			);
			runOnlyForDeploymentPostprocessing = 0;
		};
/* End PBXSourcesBuildPhase section */

/* Begin XCBuildConfiguration section */
		7350729F1E1B8A5D0095A30A /* Debug */ = {
			isa = XCBuildConfiguration;
			buildSettings = {
				ALWAYS_SEARCH_USER_PATHS = NO;
				CLANG_ANALYZER_NONNULL = YES;
				CLANG_CXX_LANGUAGE_STANDARD = "gnu++0x";
				CLANG_CXX_LIBRARY = "libc++";
				CLANG_ENABLE_MODULES = YES;
				CLANG_ENABLE_OBJC_ARC = YES;
				CLANG_WARN_BOOL_CONVERSION = YES;
				CLANG_WARN_CONSTANT_CONVERSION = YES;
				CLANG_WARN_DIRECT_OBJC_ISA_USAGE = YES_ERROR;
				CLANG_WARN_DOCUMENTATION_COMMENTS = YES;
				CLANG_WARN_EMPTY_BODY = YES;
				CLANG_WARN_ENUM_CONVERSION = YES;
				CLANG_WARN_INFINITE_RECURSION = YES;
				CLANG_WARN_INT_CONVERSION = YES;
				CLANG_WARN_OBJC_ROOT_CLASS = YES_ERROR;
				CLANG_WARN_SUSPICIOUS_MOVE = YES;
				CLANG_WARN_UNREACHABLE_CODE = YES;
				CLANG_WARN__DUPLICATE_METHOD_MATCH = YES;
				CODE_SIGN_IDENTITY = "-";
				COPY_PHASE_STRIP = NO;
				DEBUG_INFORMATION_FORMAT = dwarf;
				ENABLE_STRICT_OBJC_MSGSEND = YES;
				ENABLE_TESTABILITY = YES;
				GCC_C_LANGUAGE_STANDARD = gnu99;
				GCC_DYNAMIC_NO_PIC = NO;
				GCC_NO_COMMON_BLOCKS = YES;
				GCC_OPTIMIZATION_LEVEL = 0;
				GCC_PREPROCESSOR_DEFINITIONS = (
					"DEBUG=1",
					"$(inherited)",
				);
				GCC_WARN_64_TO_32_BIT_CONVERSION = YES;
				GCC_WARN_ABOUT_RETURN_TYPE = YES_ERROR;
				GCC_WARN_UNDECLARED_SELECTOR = YES;
				GCC_WARN_UNINITIALIZED_AUTOS = YES_AGGRESSIVE;
				GCC_WARN_UNUSED_FUNCTION = YES;
				GCC_WARN_UNUSED_VARIABLE = YES;
				MACOSX_DEPLOYMENT_TARGET = 10.12;
				MTL_ENABLE_DEBUG_INFO = YES;
				ONLY_ACTIVE_ARCH = YES;
				SDKROOT = macosx;
			};
			name = Debug;
		};
		735072A01E1B8A5D0095A30A /* Release */ = {
			isa = XCBuildConfiguration;
			buildSettings = {
				ALWAYS_SEARCH_USER_PATHS = NO;
				CLANG_ANALYZER_NONNULL = YES;
				CLANG_CXX_LANGUAGE_STANDARD = "gnu++0x";
				CLANG_CXX_LIBRARY = "libc++";
				CLANG_ENABLE_MODULES = YES;
				CLANG_ENABLE_OBJC_ARC = YES;
				CLANG_WARN_BOOL_CONVERSION = YES;
				CLANG_WARN_CONSTANT_CONVERSION = YES;
				CLANG_WARN_DIRECT_OBJC_ISA_USAGE = YES_ERROR;
				CLANG_WARN_DOCUMENTATION_COMMENTS = YES;
				CLANG_WARN_EMPTY_BODY = YES;
				CLANG_WARN_ENUM_CONVERSION = YES;
				CLANG_WARN_INFINITE_RECURSION = YES;
				CLANG_WARN_INT_CONVERSION = YES;
				CLANG_WARN_OBJC_ROOT_CLASS = YES_ERROR;
				CLANG_WARN_SUSPICIOUS_MOVE = YES;
				CLANG_WARN_UNREACHABLE_CODE = YES;
				CLANG_WARN__DUPLICATE_METHOD_MATCH = YES;
				CODE_SIGN_IDENTITY = "-";
				COPY_PHASE_STRIP = NO;
				DEBUG_INFORMATION_FORMAT = "dwarf-with-dsym";
				ENABLE_NS_ASSERTIONS = NO;
				ENABLE_STRICT_OBJC_MSGSEND = YES;
				GCC_C_LANGUAGE_STANDARD = gnu99;
				GCC_NO_COMMON_BLOCKS = YES;
				GCC_WARN_64_TO_32_BIT_CONVERSION = YES;
				GCC_WARN_ABOUT_RETURN_TYPE = YES_ERROR;
				GCC_WARN_UNDECLARED_SELECTOR = YES;
				GCC_WARN_UNINITIALIZED_AUTOS = YES_AGGRESSIVE;
				GCC_WARN_UNUSED_FUNCTION = YES;
				GCC_WARN_UNUSED_VARIABLE = YES;
				MACOSX_DEPLOYMENT_TARGET = 10.12;
				MTL_ENABLE_DEBUG_INFO = NO;
				SDKROOT = macosx;
			};
			name = Release;
		};
		735072A21E1B8A5D0095A30A /* Debug */ = {
			isa = XCBuildConfiguration;
			buildSettings = {
				PRODUCT_NAME = "$(TARGET_NAME)";
			};
			name = Debug;
		};
		735072A31E1B8A5D0095A30A /* Release */ = {
			isa = XCBuildConfiguration;
			buildSettings = {
				PRODUCT_NAME = "$(TARGET_NAME)";
			};
			name = Release;
		};
/* End XCBuildConfiguration section */

/* Begin XCConfigurationList section */
		735072951E1B8A5D0095A30A /* Build configuration list for PBXProject "repeatCharacter" */ = {
			isa = XCConfigurationList;
			buildConfigurations = (
				7350729F1E1B8A5D0095A30A /* Debug */,
				735072A01E1B8A5D0095A30A /* Release */,
			);
			defaultConfigurationIsVisible = 0;
			defaultConfigurationName = Release;
		};
		735072A11E1B8A5D0095A30A /* Build configuration list for PBXNativeTarget "repeatCharacter" */ = {
			isa = XCConfigurationList;
			buildConfigurations = (
				735072A21E1B8A5D0095A30A /* Debug */,
				735072A31E1B8A5D0095A30A /* Release */,
			);
			defaultConfigurationIsVisible = 0;
		};
/* End XCConfigurationList section */
	};
	rootObject = 735072921E1B8A5D0095A30A /* Project object */;
}
